
Microsoft Visual Studio Solution File, Format Version 12.00
Project("{2150E333-8FDC-42A3-9474-1A3956D46DE8}") = "Explicit.Validation", "Explicit.Validation", "{47336CDD-7014-4A30-A11E-B938881263AC}"
EndProject
Project("{2150E333-8FDC-42A3-9474-1A3956D46DE8}") = "Explicit.Configuration", "Explicit.Configuration", "{661D4CDB-DBE0-4A0B-9589-D7B26ED7AEB5}"
EndProject
Project("{2150E333-8FDC-42A3-9474-1A3956D46DE8}") = "Explicit.Primitives", "Explicit.Primitives", "{3FB3DDE3-9D3D-41C0-9AF3-0F00E5509C40}"
EndProject
Project("{FAE04EC0-301F-11D3-BF4B-00C04F79EFBC}") = "Explicit.Validation", "Explicit.Validation\Explicit.Validation\Explicit.Validation.csproj", "{7E943ACF-5C6A-414E-B5D6-642B431C84E6}"
EndProject
Project("{FAE04EC0-301F-11D3-BF4B-00C04F79EFBC}") = "Explicit.Validation.Tests.Unit", "Explicit.Validation\Explicit.Validation.Tests.Unit\Explicit.Validation.Tests.Unit.csproj", "{47FFA022-54B6-4401-9292-FC274E3883D5}"
EndProject
Project("{FAE04EC0-301F-11D3-BF4B-00C04F79EFBC}") = "Explicit.Configuration", "Explicit.Configuration\Explicit.Configuration\Explicit.Configuration.csproj", "{87D21B52-9843-4096-A01E-70B342ED2625}"
EndProject
Project("{FAE04EC0-301F-11D3-BF4B-00C04F79EFBC}") = "Explicit.Configuration.FluentValidation", "Explicit.Configuration\Explicit.Configuration.FluentValidation\Explicit.Configuration.FluentValidation.csproj", "{D46FA3B3-E5D7-42BE-A1C3-6AD273A85349}"
EndProject
Project("{2150E333-8FDC-42A3-9474-1A3956D46DE8}") = "Explicit.Utils", "Explicit.Utils", "{CAE278B5-F322-4038-B1A6-2700C9E07EDE}"
EndProject
Project("{FAE04EC0-301F-11D3-BF4B-00C04F79EFBC}") = "Explicit.Utils", "Explicit.Utils\Explicit.Utils\Explicit.Utils.csproj", "{8BEAFE0B-DFA4-41B0-809C-694FC6F9306A}"
EndProject
Project("{FAE04EC0-301F-11D3-BF4B-00C04F79EFBC}") = "Explicit.Validation.FluentValidation", "Explicit.Validation\Explicit.Validation.FluentValidation\Explicit.Validation.FluentValidation.csproj", "{4938F5F8-342D-4765-ABD6-0A48BD93E0B2}"
EndProject
Project("{FAE04EC0-301F-11D3-BF4B-00C04F79EFBC}") = "Explicit.Primitives", "Explicit.Primitives\Explicit.Primitives\Explicit.Primitives.csproj", "{71539319-377A-4499-BD9F-5025A8606725}"
EndProject
Global
	GlobalSection(SolutionConfigurationPlatforms) = preSolution
		Debug|Any CPU = Debug|Any CPU
		Release|Any CPU = Release|Any CPU
	EndGlobalSection
	GlobalSection(ProjectConfigurationPlatforms) = postSolution
		{7E943ACF-5C6A-414E-B5D6-642B431C84E6}.Debug|Any CPU.ActiveCfg = Debug|Any CPU
		{7E943ACF-5C6A-414E-B5D6-642B431C84E6}.Debug|Any CPU.Build.0 = Debug|Any CPU
		{7E943ACF-5C6A-414E-B5D6-642B431C84E6}.Release|Any CPU.ActiveCfg = Release|Any CPU
		{7E943ACF-5C6A-414E-B5D6-642B431C84E6}.Release|Any CPU.Build.0 = Release|Any CPU
		{47FFA022-54B6-4401-9292-FC274E3883D5}.Debug|Any CPU.ActiveCfg = Debug|Any CPU
		{47FFA022-54B6-4401-9292-FC274E3883D5}.Debug|Any CPU.Build.0 = Debug|Any CPU
		{47FFA022-54B6-4401-9292-FC274E3883D5}.Release|Any CPU.ActiveCfg = Release|Any CPU
		{47FFA022-54B6-4401-9292-FC274E3883D5}.Release|Any CPU.Build.0 = Release|Any CPU
		{87D21B52-9843-4096-A01E-70B342ED2625}.Debug|Any CPU.ActiveCfg = Debug|Any CPU
		{87D21B52-9843-4096-A01E-70B342ED2625}.Debug|Any CPU.Build.0 = Debug|Any CPU
		{87D21B52-9843-4096-A01E-70B342ED2625}.Release|Any CPU.ActiveCfg = Release|Any CPU
		{87D21B52-9843-4096-A01E-70B342ED2625}.Release|Any CPU.Build.0 = Release|Any CPU
		{D46FA3B3-E5D7-42BE-A1C3-6AD273A85349}.Debug|Any CPU.ActiveCfg = Debug|Any CPU
		{D46FA3B3-E5D7-42BE-A1C3-6AD273A85349}.Debug|Any CPU.Build.0 = Debug|Any CPU
		{D46FA3B3-E5D7-42BE-A1C3-6AD273A85349}.Release|Any CPU.ActiveCfg = Release|Any CPU
		{D46FA3B3-E5D7-42BE-A1C3-6AD273A85349}.Release|Any CPU.Build.0 = Release|Any CPU
		{8BEAFE0B-DFA4-41B0-809C-694FC6F9306A}.Debug|Any CPU.ActiveCfg = Debug|Any CPU
		{8BEAFE0B-DFA4-41B0-809C-694FC6F9306A}.Debug|Any CPU.Build.0 = Debug|Any CPU
		{8BEAFE0B-DFA4-41B0-809C-694FC6F9306A}.Release|Any CPU.ActiveCfg = Release|Any CPU
		{8BEAFE0B-DFA4-41B0-809C-694FC6F9306A}.Release|Any CPU.Build.0 = Release|Any CPU
		{4938F5F8-342D-4765-ABD6-0A48BD93E0B2}.Debug|Any CPU.ActiveCfg = Debug|Any CPU
		{4938F5F8-342D-4765-ABD6-0A48BD93E0B2}.Debug|Any CPU.Build.0 = Debug|Any CPU
		{4938F5F8-342D-4765-ABD6-0A48BD93E0B2}.Release|Any CPU.ActiveCfg = Release|Any CPU
		{4938F5F8-342D-4765-ABD6-0A48BD93E0B2}.Release|Any CPU.Build.0 = Release|Any CPU
		{71539319-377A-4499-BD9F-5025A8606725}.Debug|Any CPU.ActiveCfg = Debug|Any CPU
		{71539319-377A-4499-BD9F-5025A8606725}.Debug|Any CPU.Build.0 = Debug|Any CPU
		{71539319-377A-4499-BD9F-5025A8606725}.Release|Any CPU.ActiveCfg = Release|Any CPU
		{71539319-377A-4499-BD9F-5025A8606725}.Release|Any CPU.Build.0 = Release|Any CPU
	EndGlobalSection
	GlobalSection(NestedProjects) = preSolution
		{7E943ACF-5C6A-414E-B5D6-642B431C84E6} = {47336CDD-7014-4A30-A11E-B938881263AC}
		{47FFA022-54B6-4401-9292-FC274E3883D5} = {47336CDD-7014-4A30-A11E-B938881263AC}
		{87D21B52-9843-4096-A01E-70B342ED2625} = {661D4CDB-DBE0-4A0B-9589-D7B26ED7AEB5}
		{D46FA3B3-E5D7-42BE-A1C3-6AD273A85349} = {661D4CDB-DBE0-4A0B-9589-D7B26ED7AEB5}
		{8BEAFE0B-DFA4-41B0-809C-694FC6F9306A} = {CAE278B5-F322-4038-B1A6-2700C9E07EDE}
		{4938F5F8-342D-4765-ABD6-0A48BD93E0B2} = {47336CDD-7014-4A30-A11E-B938881263AC}
		{71539319-377A-4499-BD9F-5025A8606725} = {3FB3DDE3-9D3D-41C0-9AF3-0F00E5509C40}
	EndGlobalSection
EndGlobal
