
Microsoft Visual Studio Solution File, Format Version 12.00
# 
Project("{2150E333-8FDC-42A3-9474-1A3956D46DE8}") = "Definit.Validation", "Definit.Validation", "{47336CDD-7014-4A30-A11E-B938881263AC}"
EndProject
Project("{2150E333-8FDC-42A3-9474-1A3956D46DE8}") = "Definit.Configuration", "Definit.Configuration", "{661D4CDB-DBE0-4A0B-9589-D7B26ED7AEB5}"
EndProject
Project("{2150E333-8FDC-42A3-9474-1A3956D46DE8}") = "Definit.Primitives", "Definit.Primitives", "{3FB3DDE3-9D3D-41C0-9AF3-0F00E5509C40}"
EndProject
Project("{FAE04EC0-301F-11D3-BF4B-00C04F79EFBC}") = "Definit.Validation", "Definit.Validation\Definit.Validation\Definit.Validation.csproj", "{7E943ACF-5C6A-414E-B5D6-642B431C84E6}"
EndProject
Project("{FAE04EC0-301F-11D3-BF4B-00C04F79EFBC}") = "Definit.Validation.Tests.Unit", "Definit.Validation\Definit.Validation.Tests.Unit\Definit.Validation.Tests.Unit.csproj", "{47FFA022-54B6-4401-9292-FC274E3883D5}"
EndProject
Project("{FAE04EC0-301F-11D3-BF4B-00C04F79EFBC}") = "Definit.Configuration", "Definit.Configuration\Definit.Configuration\Definit.Configuration.csproj", "{87D21B52-9843-4096-A01E-70B342ED2625}"
EndProject
Project("{2150E333-8FDC-42A3-9474-1A3956D46DE8}") = "Definit.Utils", "Definit.Utils", "{CAE278B5-F322-4038-B1A6-2700C9E07EDE}"
EndProject
Project("{FAE04EC0-301F-11D3-BF4B-00C04F79EFBC}") = "Definit.Utils", "Definit.Utils\Definit.Utils\Definit.Utils.csproj", "{8BEAFE0B-DFA4-41B0-809C-694FC6F9306A}"
EndProject
Project("{FAE04EC0-301F-11D3-BF4B-00C04F79EFBC}") = "Definit.Validation.FluentValidation", "Definit.Validation\Definit.Validation.FluentValidation\Definit.Validation.FluentValidation.csproj", "{4938F5F8-342D-4765-ABD6-0A48BD93E0B2}"
EndProject
Project("{FAE04EC0-301F-11D3-BF4B-00C04F79EFBC}") = "Definit.Primitives", "Definit.Primitives\Definit.Primitives\Definit.Primitives.csproj", "{71539319-377A-4499-BD9F-5025A8606725}"
EndProject
Project("{FAE04EC0-301F-11D3-BF4B-00C04F79EFBC}") = "Definit.Primitives.Tests.Unit", "Definit.Primitives\Definit.Primitives.Tests.Unit\Definit.Primitives.Tests.Unit.csproj", "{4AF6BA5E-8B51-439F-BE51-74A2624FEAEA}"
EndProject
Project("{FAE04EC0-301F-11D3-BF4B-00C04F79EFBC}") = "Definit.Configuration.Tests.Unit", "Definit.Configuration\Definit.Configuration.Tests.Unit\Definit.Configuration.Tests.Unit.csproj", "{0FF1DC48-D3AB-48BF-87F1-08329FEA1124}"
EndProject
Project("{FAE04EC0-301F-11D3-BF4B-00C04F79EFBC}") = "Definit.Json", "Definit.Json\Definit.Json\Definit.Json.csproj", "{EB2FC11A-C8C0-4096-9ABB-6397CDE29FDC}"
EndProject
Project("{2150E333-8FDC-42A3-9474-1A3956D46DE8}") = "Definit.Json", "Definit.Json", "{8D02B3BA-4DE7-4468-836C-30DE4F82A7CC}"
EndProject
Project("{2150E333-8FDC-42A3-9474-1A3956D46DE8}") = "Definit.Arguments", "Definit.Arguments", "{8550B4C1-403C-4C14-9002-36E9C82E56FF}"
EndProject
Project("{FAE04EC0-301F-11D3-BF4B-00C04F79EFBC}") = "Definit.Arguments", "Definit.Arguments\Definit.Arguments\Definit.Arguments.csproj", "{52B38A1E-A5AD-4FC0-A4C7-60A3E2C2CF63}"
EndProject
Project("{FAE04EC0-301F-11D3-BF4B-00C04F79EFBC}") = "Definit.Arguments.Tests.Unit", "Definit.Arguments\Definit.Arguments.Tests.Unit\Definit.Arguments.Tests.Unit.csproj", "{DEE0BE88-FE85-4FD3-9B0F-8A89A3704E73}"
EndProject
Project("{2150E333-8FDC-42A3-9474-1A3956D46DE8}") = "Definit.Dependencies", "Definit.Dependencies", "{48188A12-B2B4-4834-8944-9B864A2D2E47}"
EndProject
Project("{FAE04EC0-301F-11D3-BF4B-00C04F79EFBC}") = "Definit.Dependencies", "Definit.Dependencies\Definit.Dependencies\Definit.Dependencies.csproj", "{19F14DDA-1B04-415E-86A3-1FD8832E81A9}"
EndProject
Project("{2150E333-8FDC-42A3-9474-1A3956D46DE8}") = "Definit.Endpoint", "Definit.Endpoint", "{5464AA22-8FD1-4AEF-B2B7-2D6ACBCAD3F2}"
EndProject
Project("{FAE04EC0-301F-11D3-BF4B-00C04F79EFBC}") = "Definit.Endpoint", "Definit.Endpoint\Definit.Endpoint\Definit.Endpoint.csproj", "{9645FD6D-190F-43AE-A7F1-EFBBFB77178F}"
EndProject
Project("{2150E333-8FDC-42A3-9474-1A3956D46DE8}") = "Definit.Result", "Definit.Result", "{E286AD75-97A4-486B-84EF-BD2503C59912}"
EndProject
Project("{FAE04EC0-301F-11D3-BF4B-00C04F79EFBC}") = "Definit.Result", "Definit.Result\Definit.Result\Definit.Result.csproj", "{51815C53-7450-41F8-85A3-02424760968F}"
EndProject
Global
	GlobalSection(SolutionConfigurationPlatforms) = preSolution
		Debug|Any CPU = Debug|Any CPU
		Release|Any CPU = Release|Any CPU
	EndGlobalSection
	GlobalSection(ProjectConfigurationPlatforms) = postSolution
		{7E943ACF-5C6A-414E-B5D6-642B431C84E6}.Debug|Any CPU.ActiveCfg = Debug|Any CPU
		{7E943ACF-5C6A-414E-B5D6-642B431C84E6}.Debug|Any CPU.Build.0 = Debug|Any CPU
		{7E943ACF-5C6A-414E-B5D6-642B431C84E6}.Release|Any CPU.ActiveCfg = Release|Any CPU
		{7E943ACF-5C6A-414E-B5D6-642B431C84E6}.Release|Any CPU.Build.0 = Release|Any CPU
		{47FFA022-54B6-4401-9292-FC274E3883D5}.Debug|Any CPU.ActiveCfg = Debug|Any CPU
		{47FFA022-54B6-4401-9292-FC274E3883D5}.Debug|Any CPU.Build.0 = Debug|Any CPU
		{47FFA022-54B6-4401-9292-FC274E3883D5}.Release|Any CPU.ActiveCfg = Release|Any CPU
		{47FFA022-54B6-4401-9292-FC274E3883D5}.Release|Any CPU.Build.0 = Release|Any CPU
		{87D21B52-9843-4096-A01E-70B342ED2625}.Debug|Any CPU.ActiveCfg = Debug|Any CPU
		{87D21B52-9843-4096-A01E-70B342ED2625}.Debug|Any CPU.Build.0 = Debug|Any CPU
		{87D21B52-9843-4096-A01E-70B342ED2625}.Release|Any CPU.ActiveCfg = Release|Any CPU
		{87D21B52-9843-4096-A01E-70B342ED2625}.Release|Any CPU.Build.0 = Release|Any CPU
		{8BEAFE0B-DFA4-41B0-809C-694FC6F9306A}.Debug|Any CPU.ActiveCfg = Debug|Any CPU
		{8BEAFE0B-DFA4-41B0-809C-694FC6F9306A}.Debug|Any CPU.Build.0 = Debug|Any CPU
		{8BEAFE0B-DFA4-41B0-809C-694FC6F9306A}.Release|Any CPU.ActiveCfg = Release|Any CPU
		{8BEAFE0B-DFA4-41B0-809C-694FC6F9306A}.Release|Any CPU.Build.0 = Release|Any CPU
		{4938F5F8-342D-4765-ABD6-0A48BD93E0B2}.Debug|Any CPU.ActiveCfg = Debug|Any CPU
		{4938F5F8-342D-4765-ABD6-0A48BD93E0B2}.Debug|Any CPU.Build.0 = Debug|Any CPU
		{4938F5F8-342D-4765-ABD6-0A48BD93E0B2}.Release|Any CPU.ActiveCfg = Release|Any CPU
		{4938F5F8-342D-4765-ABD6-0A48BD93E0B2}.Release|Any CPU.Build.0 = Release|Any CPU
		{71539319-377A-4499-BD9F-5025A8606725}.Debug|Any CPU.ActiveCfg = Debug|Any CPU
		{71539319-377A-4499-BD9F-5025A8606725}.Debug|Any CPU.Build.0 = Debug|Any CPU
		{71539319-377A-4499-BD9F-5025A8606725}.Release|Any CPU.ActiveCfg = Release|Any CPU
		{71539319-377A-4499-BD9F-5025A8606725}.Release|Any CPU.Build.0 = Release|Any CPU
		{4AF6BA5E-8B51-439F-BE51-74A2624FEAEA}.Debug|Any CPU.ActiveCfg = Debug|Any CPU
		{4AF6BA5E-8B51-439F-BE51-74A2624FEAEA}.Debug|Any CPU.Build.0 = Debug|Any CPU
		{4AF6BA5E-8B51-439F-BE51-74A2624FEAEA}.Release|Any CPU.ActiveCfg = Release|Any CPU
		{4AF6BA5E-8B51-439F-BE51-74A2624FEAEA}.Release|Any CPU.Build.0 = Release|Any CPU
		{0FF1DC48-D3AB-48BF-87F1-08329FEA1124}.Debug|Any CPU.ActiveCfg = Debug|Any CPU
		{0FF1DC48-D3AB-48BF-87F1-08329FEA1124}.Debug|Any CPU.Build.0 = Debug|Any CPU
		{0FF1DC48-D3AB-48BF-87F1-08329FEA1124}.Release|Any CPU.ActiveCfg = Release|Any CPU
		{0FF1DC48-D3AB-48BF-87F1-08329FEA1124}.Release|Any CPU.Build.0 = Release|Any CPU
		{EB2FC11A-C8C0-4096-9ABB-6397CDE29FDC}.Debug|Any CPU.ActiveCfg = Debug|Any CPU
		{EB2FC11A-C8C0-4096-9ABB-6397CDE29FDC}.Debug|Any CPU.Build.0 = Debug|Any CPU
		{EB2FC11A-C8C0-4096-9ABB-6397CDE29FDC}.Release|Any CPU.ActiveCfg = Release|Any CPU
		{EB2FC11A-C8C0-4096-9ABB-6397CDE29FDC}.Release|Any CPU.Build.0 = Release|Any CPU
		{52B38A1E-A5AD-4FC0-A4C7-60A3E2C2CF63}.Debug|Any CPU.ActiveCfg = Debug|Any CPU
		{52B38A1E-A5AD-4FC0-A4C7-60A3E2C2CF63}.Debug|Any CPU.Build.0 = Debug|Any CPU
		{52B38A1E-A5AD-4FC0-A4C7-60A3E2C2CF63}.Release|Any CPU.ActiveCfg = Release|Any CPU
		{52B38A1E-A5AD-4FC0-A4C7-60A3E2C2CF63}.Release|Any CPU.Build.0 = Release|Any CPU
		{DEE0BE88-FE85-4FD3-9B0F-8A89A3704E73}.Debug|Any CPU.ActiveCfg = Debug|Any CPU
		{DEE0BE88-FE85-4FD3-9B0F-8A89A3704E73}.Debug|Any CPU.Build.0 = Debug|Any CPU
		{DEE0BE88-FE85-4FD3-9B0F-8A89A3704E73}.Release|Any CPU.ActiveCfg = Release|Any CPU
		{DEE0BE88-FE85-4FD3-9B0F-8A89A3704E73}.Release|Any CPU.Build.0 = Release|Any CPU
		{19F14DDA-1B04-415E-86A3-1FD8832E81A9}.Debug|Any CPU.ActiveCfg = Debug|Any CPU
		{19F14DDA-1B04-415E-86A3-1FD8832E81A9}.Debug|Any CPU.Build.0 = Debug|Any CPU
		{19F14DDA-1B04-415E-86A3-1FD8832E81A9}.Release|Any CPU.ActiveCfg = Release|Any CPU
		{19F14DDA-1B04-415E-86A3-1FD8832E81A9}.Release|Any CPU.Build.0 = Release|Any CPU
		{9645FD6D-190F-43AE-A7F1-EFBBFB77178F}.Debug|Any CPU.ActiveCfg = Debug|Any CPU
		{9645FD6D-190F-43AE-A7F1-EFBBFB77178F}.Debug|Any CPU.Build.0 = Debug|Any CPU
		{9645FD6D-190F-43AE-A7F1-EFBBFB77178F}.Release|Any CPU.ActiveCfg = Release|Any CPU
		{9645FD6D-190F-43AE-A7F1-EFBBFB77178F}.Release|Any CPU.Build.0 = Release|Any CPU
		{51815C53-7450-41F8-85A3-02424760968F}.Debug|Any CPU.ActiveCfg = Debug|Any CPU
		{51815C53-7450-41F8-85A3-02424760968F}.Debug|Any CPU.Build.0 = Debug|Any CPU
		{51815C53-7450-41F8-85A3-02424760968F}.Release|Any CPU.ActiveCfg = Release|Any CPU
		{51815C53-7450-41F8-85A3-02424760968F}.Release|Any CPU.Build.0 = Release|Any CPU
	EndGlobalSection
	GlobalSection(NestedProjects) = preSolution
		{7E943ACF-5C6A-414E-B5D6-642B431C84E6} = {47336CDD-7014-4A30-A11E-B938881263AC}
		{47FFA022-54B6-4401-9292-FC274E3883D5} = {47336CDD-7014-4A30-A11E-B938881263AC}
		{87D21B52-9843-4096-A01E-70B342ED2625} = {661D4CDB-DBE0-4A0B-9589-D7B26ED7AEB5}
		{8BEAFE0B-DFA4-41B0-809C-694FC6F9306A} = {CAE278B5-F322-4038-B1A6-2700C9E07EDE}
		{4938F5F8-342D-4765-ABD6-0A48BD93E0B2} = {47336CDD-7014-4A30-A11E-B938881263AC}
		{71539319-377A-4499-BD9F-5025A8606725} = {3FB3DDE3-9D3D-41C0-9AF3-0F00E5509C40}
		{4AF6BA5E-8B51-439F-BE51-74A2624FEAEA} = {3FB3DDE3-9D3D-41C0-9AF3-0F00E5509C40}
		{0FF1DC48-D3AB-48BF-87F1-08329FEA1124} = {661D4CDB-DBE0-4A0B-9589-D7B26ED7AEB5}
		{EB2FC11A-C8C0-4096-9ABB-6397CDE29FDC} = {8D02B3BA-4DE7-4468-836C-30DE4F82A7CC}
		{52B38A1E-A5AD-4FC0-A4C7-60A3E2C2CF63} = {8550B4C1-403C-4C14-9002-36E9C82E56FF}
		{DEE0BE88-FE85-4FD3-9B0F-8A89A3704E73} = {8550B4C1-403C-4C14-9002-36E9C82E56FF}
		{19F14DDA-1B04-415E-86A3-1FD8832E81A9} = {48188A12-B2B4-4834-8944-9B864A2D2E47}
		{9645FD6D-190F-43AE-A7F1-EFBBFB77178F} = {5464AA22-8FD1-4AEF-B2B7-2D6ACBCAD3F2}
		{51815C53-7450-41F8-85A3-02424760968F} = {E286AD75-97A4-486B-84EF-BD2503C59912}
	EndGlobalSection
EndGlobal
